{
  "version": 4,
  "terraform_version": "1.5.6",
  "serial": 6,
  "lineage": "a726cc84-db0d-c8f1-fa14-94f25e4c54aa",
  "outputs": {
    "backend": {
      "value": "aws",
      "type": "string"
    },
    "role": {
      "value": "ec2-admin-role",
      "type": "string"
    }
  },
  "resources": [
    {
      "mode": "managed",
      "type": "vault_aws_secret_backend",
      "name": "aws",
      "provider": "provider[\"registry.terraform.io/hashicorp/vault\"]",
      "instances": [
        {
          "schema_version": 0,
          "attributes": {
            "access_key": "AKIAWS7E3AEOGJMDS6LL",
            "default_lease_ttl_seconds": 120,
            "description": "",
            "disable_remount": false,
            "iam_endpoint": "",
            "id": "aws",
            "max_lease_ttl_seconds": 3600,
            "namespace": null,
            "path": "aws",
            "region": "us-west-2",
            "secret_key": "40DYqg6CZkLURHRuZCv30HejxdtHC9eEN+hu0HZw",
            "sts_endpoint": "",
            "username_template": "{{ if (eq .Type \"STS\") }}{{ printf \"vault-%s-%s\"  (unix_time) (random 20) | truncate 32 }}{{ else }}{{ printf \"vault-%s-%s-%s\" (printf \"%s-%s\" (.DisplayName) (.PolicyName) | truncate 42) (unix_time) (random 20) | truncate 64 }}{{ end }}"
          },
          "sensitive_attributes": [],
          "private": "bnVsbA=="
        }
      ]
    },
    {
      "mode": "managed",
      "type": "vault_aws_secret_backend_role",
      "name": "ec2-admin",
      "provider": "provider[\"registry.terraform.io/hashicorp/vault\"]",
      "instances": [
        {
          "schema_version": 0,
          "attributes": {
            "backend": "aws",
            "credential_type": "iam_user",
            "default_sts_ttl": 0,
            "iam_groups": null,
            "id": "aws/roles/ec2-admin-role",
            "max_sts_ttl": 0,
            "name": "ec2-admin-role",
            "namespace": null,
            "permissions_boundary_arn": "",
            "policy_arns": null,
            "policy_document": "{\"Version\":\"2012-10-17\",\"Statement\":[{\"Effect\":\"Allow\",\"Action\":[\"iam:*\",\"ec2:*\",\"eks:*\",\"s3:*\"],\"Resource\":\"*\"}]}",
            "role_arns": null,
            "user_path": ""
          },
          "sensitive_attributes": [],
          "private": "bnVsbA==",
          "dependencies": [
            "vault_aws_secret_backend.aws"
          ]
        }
      ]
    }
  ],
  "check_results": null
}
